# This file is autogenerated, do not edit; changes may be undone by the next 'dep ensure'.


[[projects]]
  name = "github.com/nogoegst/frontier"
  packages = ["."]
  revision = "be628d9e8b33d2576420de458d4442ea57b56a29"
  version = "v0.2.1"

[solve-meta]
  analyzer-name = "dep"
  analyzer-version = 1
  inputs-digest = "e01b0665e57d2f412fd47b45b6c515abf8c9937327478a2c97763a0f8ea1e28f"
  solver-name = "gps-cdcl"
  solver-version = 1
